
Microsoft Visual Studio Solution File, Format Version 12.00
# Visual Studio Version 17
VisualStudioVersion = 17.9.34701.34
MinimumVisualStudioVersion = 10.0.40219.1
Project("{FAE04EC0-301F-11D3-BF4B-00C04F79EFBC}") = "Sppr", "Sppr.csproj", "{2639C79C-D7B0-4F45-8095-47F1032AE51A}"
EndProject
Global
	GlobalSection(SolutionConfigurationPlatforms) = preSolution
		Debug|Any CPU = Debug|Any CPU
		Release|Any CPU = Release|Any CPU
	EndGlobalSection
	GlobalSection(ProjectConfigurationPlatforms) = postSolution
		{2639C79C-D7B0-4F45-8095-47F1032AE51A}.Debug|Any CPU.ActiveCfg = Debug|Any CPU
		{2639C79C-D7B0-4F45-8095-47F1032AE51A}.Debug|Any CPU.Build.0 = Debug|Any CPU
		{2639C79C-D7B0-4F45-8095-47F1032AE51A}.Release|Any CPU.ActiveCfg = Release|Any CPU
		{2639C79C-D7B0-4F45-8095-47F1032AE51A}.Release|Any CPU.Build.0 = Release|Any CPU
	EndGlobalSection
	GlobalSection(SolutionProperties) = preSolution
		HideSolutionNode = FALSE
	EndGlobalSection
	GlobalSection(ExtensibilityGlobals) = postSolution
		SolutionGuid = {576D4026-77E1-4E2F-B7CD-B8B527968C6A}
	EndGlobalSection
EndGlobal
